
Microsoft Visual Studio Solution File, Format Version 12.00
# Visual Studio Version 16
VisualStudioVersion = 16.0.32228.343
MinimumVisualStudioVersion = 10.0.40219.1
Project("{9A19103F-16F7-4668-BE54-9A1E7A4F7556}") = "CleanArchMvc.Domain", "CleanArchMvc.Domain\CleanArchMvc.Domain.csproj", "{99482799-5623-4E94-B45D-FD0AD31989CB}"
EndProject
Project("{9A19103F-16F7-4668-BE54-9A1E7A4F7556}") = "CleanArchMvc.Application", "CleanArchMvc.Application\CleanArchMvc.Application.csproj", "{7A2DB856-8F9E-4879-B9ED-AABF85E20D77}"
EndProject
Project("{9A19103F-16F7-4668-BE54-9A1E7A4F7556}") = "CleanArchMvc.Infra.Data", "CleanArchMvc.Infra.Data\CleanArchMvc.Infra.Data.csproj", "{E3FCE6C1-AED6-42A3-A10E-08AA394944E0}"
EndProject
Project("{9A19103F-16F7-4668-BE54-9A1E7A4F7556}") = "CleanArchMvc.Infra.IoC", "CleanArchMvc.Infra.IoC\CleanArchMvc.Infra.IoC.csproj", "{0C792097-F8F5-4A51-9B4C-FCD6F93E1CBB}"
EndProject
Project("{9A19103F-16F7-4668-BE54-9A1E7A4F7556}") = "CleanArchMvc.WebUI", "CleanArchMvc.WebUI\CleanArchMvc.WebUI.csproj", "{E1CA4A1D-E278-4580-AA26-3ADDD2A8B49A}"
EndProject
Project("{FAE04EC0-301F-11D3-BF4B-00C04F79EFBC}") = "CleanArchMvc.Domain.Tests", "CleanArchMvc.Domain.Tests\CleanArchMvc.Domain.Tests.csproj", "{E827D47D-0662-4F17-AF40-15352E5F426D}"
EndProject
Global
	GlobalSection(SolutionConfigurationPlatforms) = preSolution
		Debug|Any CPU = Debug|Any CPU
		Release|Any CPU = Release|Any CPU
	EndGlobalSection
	GlobalSection(ProjectConfigurationPlatforms) = postSolution
		{99482799-5623-4E94-B45D-FD0AD31989CB}.Debug|Any CPU.ActiveCfg = Debug|Any CPU
		{99482799-5623-4E94-B45D-FD0AD31989CB}.Debug|Any CPU.Build.0 = Debug|Any CPU
		{99482799-5623-4E94-B45D-FD0AD31989CB}.Release|Any CPU.ActiveCfg = Release|Any CPU
		{99482799-5623-4E94-B45D-FD0AD31989CB}.Release|Any CPU.Build.0 = Release|Any CPU
		{7A2DB856-8F9E-4879-B9ED-AABF85E20D77}.Debug|Any CPU.ActiveCfg = Debug|Any CPU
		{7A2DB856-8F9E-4879-B9ED-AABF85E20D77}.Debug|Any CPU.Build.0 = Debug|Any CPU
		{7A2DB856-8F9E-4879-B9ED-AABF85E20D77}.Release|Any CPU.ActiveCfg = Release|Any CPU
		{7A2DB856-8F9E-4879-B9ED-AABF85E20D77}.Release|Any CPU.Build.0 = Release|Any CPU
		{E3FCE6C1-AED6-42A3-A10E-08AA394944E0}.Debug|Any CPU.ActiveCfg = Debug|Any CPU
		{E3FCE6C1-AED6-42A3-A10E-08AA394944E0}.Debug|Any CPU.Build.0 = Debug|Any CPU
		{E3FCE6C1-AED6-42A3-A10E-08AA394944E0}.Release|Any CPU.ActiveCfg = Release|Any CPU
		{E3FCE6C1-AED6-42A3-A10E-08AA394944E0}.Release|Any CPU.Build.0 = Release|Any CPU
		{0C792097-F8F5-4A51-9B4C-FCD6F93E1CBB}.Debug|Any CPU.ActiveCfg = Debug|Any CPU
		{0C792097-F8F5-4A51-9B4C-FCD6F93E1CBB}.Debug|Any CPU.Build.0 = Debug|Any CPU
		{0C792097-F8F5-4A51-9B4C-FCD6F93E1CBB}.Release|Any CPU.ActiveCfg = Release|Any CPU
		{0C792097-F8F5-4A51-9B4C-FCD6F93E1CBB}.Release|Any CPU.Build.0 = Release|Any CPU
		{E1CA4A1D-E278-4580-AA26-3ADDD2A8B49A}.Debug|Any CPU.ActiveCfg = Debug|Any CPU
		{E1CA4A1D-E278-4580-AA26-3ADDD2A8B49A}.Debug|Any CPU.Build.0 = Debug|Any CPU
		{E1CA4A1D-E278-4580-AA26-3ADDD2A8B49A}.Release|Any CPU.ActiveCfg = Release|Any CPU
		{E1CA4A1D-E278-4580-AA26-3ADDD2A8B49A}.Release|Any CPU.Build.0 = Release|Any CPU
		{E827D47D-0662-4F17-AF40-15352E5F426D}.Debug|Any CPU.ActiveCfg = Debug|Any CPU
		{E827D47D-0662-4F17-AF40-15352E5F426D}.Debug|Any CPU.Build.0 = Debug|Any CPU
		{E827D47D-0662-4F17-AF40-15352E5F426D}.Release|Any CPU.ActiveCfg = Release|Any CPU
		{E827D47D-0662-4F17-AF40-15352E5F426D}.Release|Any CPU.Build.0 = Release|Any CPU
	EndGlobalSection
	GlobalSection(SolutionProperties) = preSolution
		HideSolutionNode = FALSE
	EndGlobalSection
	GlobalSection(ExtensibilityGlobals) = postSolution
		SolutionGuid = {2D155D11-BF02-4A3F-9062-6A70E8F93AD3}
	EndGlobalSection
EndGlobal
